Microsoft Visual Studio Solution File, Format Version 12.00
# Visual Studio 2013
VisualStudioVersion = 12.0.31101.0
MinimumVisualStudioVersion = 10.0.40219.1
Project("{FAE04EC0-301F-11D3-BF4B-00C04F79EFBC}") = "CSFtp", "App\CSFtp.csproj", "{CDF94EEB-2EDC-4CB2-A721-046B1D5ECBBE}"
	ProjectSection(ProjectDependencies) = postProject
		{3BFE4F46-3B33-4449-AA58-B2B2F6E0A464} = {3BFE4F46-3B33-4449-AA58-B2B2F6E0A464}
	EndProjectSection
EndProject
Project("{FAE04EC0-301F-11D3-BF4B-00C04F79EFBC}") = "Assemblies.General", "Assemblies.General\Assemblies.General.csproj", "{89BB66A0-8A0B-46E9-9B14-03433B529BCB}"
EndProject
Project("{FAE04EC0-301F-11D3-BF4B-00C04F79EFBC}") = "Assemblies.Ftp", "Assemblies.Ftp\Assemblies.Ftp.csproj", "{3BFE4F46-3B33-4449-AA58-B2B2F6E0A464}"
EndProject
Global
	GlobalSection(SolutionConfigurationPlatforms) = preSolution
		Debug|Any CPU = Debug|Any CPU
		Release|Any CPU = Release|Any CPU
	EndGlobalSection
	GlobalSection(ProjectConfigurationPlatforms) = postSolution
		{CDF94EEB-2EDC-4CB2-A721-046B1D5ECBBE}.Debug|Any CPU.ActiveCfg = Debug|Any CPU
		{CDF94EEB-2EDC-4CB2-A721-046B1D5ECBBE}.Debug|Any CPU.Build.0 = Debug|Any CPU
		{CDF94EEB-2EDC-4CB2-A721-046B1D5ECBBE}.Release|Any CPU.ActiveCfg = Release|Any CPU
		{CDF94EEB-2EDC-4CB2-A721-046B1D5ECBBE}.Release|Any CPU.Build.0 = Release|Any CPU
		{89BB66A0-8A0B-46E9-9B14-03433B529BCB}.Debug|Any CPU.ActiveCfg = Debug|Any CPU
		{89BB66A0-8A0B-46E9-9B14-03433B529BCB}.Debug|Any CPU.Build.0 = Debug|Any CPU
		{89BB66A0-8A0B-46E9-9B14-03433B529BCB}.Release|Any CPU.ActiveCfg = Release|Any CPU
		{89BB66A0-8A0B-46E9-9B14-03433B529BCB}.Release|Any CPU.Build.0 = Release|Any CPU
		{3BFE4F46-3B33-4449-AA58-B2B2F6E0A464}.Debug|Any CPU.ActiveCfg = Debug|Any CPU
		{3BFE4F46-3B33-4449-AA58-B2B2F6E0A464}.Debug|Any CPU.Build.0 = Debug|Any CPU
		{3BFE4F46-3B33-4449-AA58-B2B2F6E0A464}.Release|Any CPU.ActiveCfg = Release|Any CPU
		{3BFE4F46-3B33-4449-AA58-B2B2F6E0A464}.Release|Any CPU.Build.0 = Release|Any CPU
	EndGlobalSection
	GlobalSection(SolutionProperties) = preSolution
		HideSolutionNode = FALSE
	EndGlobalSection
EndGlobal
